
Microsoft Visual Studio Solution File, Format Version 12.00
# Visual Studio Version 16
VisualStudioVersion = 16.0.31424.327
MinimumVisualStudioVersion = 10.0.40219.1
Project("{FAE04EC0-301F-11D3-BF4B-00C04F79EFBC}") = "BookContactControl.Domain", "BookContactControl.Domain\BookContactControl.Domain.csproj", "{BF89D931-48DC-4204-A7BF-DA1DA03869CA}"
EndProject
Project("{FAE04EC0-301F-11D3-BF4B-00C04F79EFBC}") = "BookContactControl.Common", "BookContactControl.Common\BookContactControl.Common.csproj", "{9EF21E0E-6E0C-4A6B-9FB3-52BB91E2EB74}"
EndProject
Project("{FAE04EC0-301F-11D3-BF4B-00C04F79EFBC}") = "BookContactControl.Infraestructure", "BookContactControl.Infraestructure\BookContactControl.Infraestructure.csproj", "{90B76A81-8270-48A6-973C-658CA3433ED7}"
EndProject
Project("{FAE04EC0-301F-11D3-BF4B-00C04F79EFBC}") = "BookContactControl.Executable", "ConsoleApp1\BookContactControl.Executable.csproj", "{C3F78190-876C-4F1C-84F6-E0F62B9D2B1E}"
EndProject
Project("{FAE04EC0-301F-11D3-BF4B-00C04F79EFBC}") = "BookContactControl.Startup", "BookContactControl.Startup\BookContactControl.Startup.csproj", "{CF9AF988-B0C6-49CF-AF4C-07BA7E5F198D}"
EndProject
Project("{FAE04EC0-301F-11D3-BF4B-00C04F79EFBC}") = "BookContactControl.Business", "BookContactControl.Bussiness\BookContactControl.Business.csproj", "{42E00FE8-C283-4B53-A388-933E534C54FA}"
EndProject
Project("{FAE04EC0-301F-11D3-BF4B-00C04F79EFBC}") = "BookContactControl.Api", "BookContactControl.Api\BookContactControl.Api.csproj", "{31CF10CD-2266-4479-9E21-B2FF94D0D6C1}"
EndProject
Global
	GlobalSection(SolutionConfigurationPlatforms) = preSolution
		Debug|Any CPU = Debug|Any CPU
		Release|Any CPU = Release|Any CPU
	EndGlobalSection
	GlobalSection(ProjectConfigurationPlatforms) = postSolution
		{BF89D931-48DC-4204-A7BF-DA1DA03869CA}.Debug|Any CPU.ActiveCfg = Debug|Any CPU
		{BF89D931-48DC-4204-A7BF-DA1DA03869CA}.Debug|Any CPU.Build.0 = Debug|Any CPU
		{BF89D931-48DC-4204-A7BF-DA1DA03869CA}.Release|Any CPU.ActiveCfg = Release|Any CPU
		{BF89D931-48DC-4204-A7BF-DA1DA03869CA}.Release|Any CPU.Build.0 = Release|Any CPU
		{9EF21E0E-6E0C-4A6B-9FB3-52BB91E2EB74}.Debug|Any CPU.ActiveCfg = Debug|Any CPU
		{9EF21E0E-6E0C-4A6B-9FB3-52BB91E2EB74}.Debug|Any CPU.Build.0 = Debug|Any CPU
		{9EF21E0E-6E0C-4A6B-9FB3-52BB91E2EB74}.Release|Any CPU.ActiveCfg = Release|Any CPU
		{9EF21E0E-6E0C-4A6B-9FB3-52BB91E2EB74}.Release|Any CPU.Build.0 = Release|Any CPU
		{90B76A81-8270-48A6-973C-658CA3433ED7}.Debug|Any CPU.ActiveCfg = Debug|Any CPU
		{90B76A81-8270-48A6-973C-658CA3433ED7}.Debug|Any CPU.Build.0 = Debug|Any CPU
		{90B76A81-8270-48A6-973C-658CA3433ED7}.Release|Any CPU.ActiveCfg = Release|Any CPU
		{90B76A81-8270-48A6-973C-658CA3433ED7}.Release|Any CPU.Build.0 = Release|Any CPU
		{C3F78190-876C-4F1C-84F6-E0F62B9D2B1E}.Debug|Any CPU.ActiveCfg = Debug|Any CPU
		{C3F78190-876C-4F1C-84F6-E0F62B9D2B1E}.Debug|Any CPU.Build.0 = Debug|Any CPU
		{C3F78190-876C-4F1C-84F6-E0F62B9D2B1E}.Release|Any CPU.ActiveCfg = Release|Any CPU
		{C3F78190-876C-4F1C-84F6-E0F62B9D2B1E}.Release|Any CPU.Build.0 = Release|Any CPU
		{CF9AF988-B0C6-49CF-AF4C-07BA7E5F198D}.Debug|Any CPU.ActiveCfg = Debug|Any CPU
		{CF9AF988-B0C6-49CF-AF4C-07BA7E5F198D}.Debug|Any CPU.Build.0 = Debug|Any CPU
		{CF9AF988-B0C6-49CF-AF4C-07BA7E5F198D}.Release|Any CPU.ActiveCfg = Release|Any CPU
		{CF9AF988-B0C6-49CF-AF4C-07BA7E5F198D}.Release|Any CPU.Build.0 = Release|Any CPU
		{42E00FE8-C283-4B53-A388-933E534C54FA}.Debug|Any CPU.ActiveCfg = Debug|Any CPU
		{42E00FE8-C283-4B53-A388-933E534C54FA}.Debug|Any CPU.Build.0 = Debug|Any CPU
		{42E00FE8-C283-4B53-A388-933E534C54FA}.Release|Any CPU.ActiveCfg = Release|Any CPU
		{42E00FE8-C283-4B53-A388-933E534C54FA}.Release|Any CPU.Build.0 = Release|Any CPU
		{31CF10CD-2266-4479-9E21-B2FF94D0D6C1}.Debug|Any CPU.ActiveCfg = Debug|Any CPU
		{31CF10CD-2266-4479-9E21-B2FF94D0D6C1}.Debug|Any CPU.Build.0 = Debug|Any CPU
		{31CF10CD-2266-4479-9E21-B2FF94D0D6C1}.Release|Any CPU.ActiveCfg = Release|Any CPU
		{31CF10CD-2266-4479-9E21-B2FF94D0D6C1}.Release|Any CPU.Build.0 = Release|Any CPU
	EndGlobalSection
	GlobalSection(SolutionProperties) = preSolution
		HideSolutionNode = FALSE
	EndGlobalSection
	GlobalSection(ExtensibilityGlobals) = postSolution
		SolutionGuid = {80A6D50B-A378-49A2-872A-2E31BC07C04D}
	EndGlobalSection
EndGlobal
